{
  "requires": true,
  "lockfileVersion": 1,
  "dependencies": {
    "data-net": {
      "version": "5.0.0",
      "resolved": "https://registry.npmjs.org/data-net/-/data-net-5.0.0.tgz",
      "integrity": "sha512-f+lZRdxiarJgSwGFssqh3TQ8d53awQ8BiLVWDS/0w0hpv+hoOH1rz0zN73ne2PiK3ZzqyGD+zv7QUd/kGBkc5w=="
    }
  }
}
